
Microsoft Visual Studio Solution File, Format Version 12.00
# Visual Studio Version 16
VisualStudioVersion = 16.0.29009.5
MinimumVisualStudioVersion = 10.0.40219.1
Project("{FAE04EC0-301F-11D3-BF4B-00C04F79EFBC}") = "NBSPRO2019", "NBSPRO2019.csproj", "{132C1F24-9E44-4BFE-9A36-A3B0C0126131}"
EndProject
Global
	GlobalSection(SolutionConfigurationPlatforms) = preSolution
		Debug|Any CPU = Debug|Any CPU
		Release|Any CPU = Release|Any CPU
	EndGlobalSection
	GlobalSection(ProjectConfigurationPlatforms) = postSolution
		{132C1F24-9E44-4BFE-9A36-A3B0C0126131}.Debug|Any CPU.ActiveCfg = Debug|Any CPU
		{132C1F24-9E44-4BFE-9A36-A3B0C0126131}.Debug|Any CPU.Build.0 = Debug|Any CPU
		{132C1F24-9E44-4BFE-9A36-A3B0C0126131}.Release|Any CPU.ActiveCfg = Release|Any CPU
		{132C1F24-9E44-4BFE-9A36-A3B0C0126131}.Release|Any CPU.Build.0 = Release|Any CPU
	EndGlobalSection
	GlobalSection(SolutionProperties) = preSolution
		HideSolutionNode = FALSE
	EndGlobalSection
	GlobalSection(ExtensibilityGlobals) = postSolution
		SolutionGuid = {7C977204-2985-4E83-A8BA-35C90B25C51E}
	EndGlobalSection
EndGlobal
